
Microsoft Visual Studio Solution File, Format Version 12.00
# Visual Studio Version 16
VisualStudioVersion = 16.0.31402.337
MinimumVisualStudioVersion = 10.0.40219.1
Project("{FAE04EC0-301F-11D3-BF4B-00C04F79EFBC}") = "Blockchain_Bagis_Uygulamasi", "Blockchain_Bagis_Uygulamasi.csproj", "{1C0E3BE9-4BB5-44FE-915C-F73D133BA519}"
EndProject
Global
	GlobalSection(SolutionConfigurationPlatforms) = preSolution
		Debug|Any CPU = Debug|Any CPU
		Release|Any CPU = Release|Any CPU
	EndGlobalSection
	GlobalSection(ProjectConfigurationPlatforms) = postSolution
		{1C0E3BE9-4BB5-44FE-915C-F73D133BA519}.Debug|Any CPU.ActiveCfg = Debug|Any CPU
		{1C0E3BE9-4BB5-44FE-915C-F73D133BA519}.Debug|Any CPU.Build.0 = Debug|Any CPU
		{1C0E3BE9-4BB5-44FE-915C-F73D133BA519}.Release|Any CPU.ActiveCfg = Release|Any CPU
		{1C0E3BE9-4BB5-44FE-915C-F73D133BA519}.Release|Any CPU.Build.0 = Release|Any CPU
	EndGlobalSection
	GlobalSection(SolutionProperties) = preSolution
		HideSolutionNode = FALSE
	EndGlobalSection
	GlobalSection(ExtensibilityGlobals) = postSolution
		SolutionGuid = {14A8C8F0-A1D4-4A30-AF28-DDD73BD5D91A}
	EndGlobalSection
EndGlobal
